// !$*UTF8*$!
{
	archiveVersion = 1;
	classes = {
	};
	objectVersion = 46;
	objects = {

/* Begin PBXBuildFile section */
		B1E90F4F1C97422100F1B021 /* main.cpp in Sources */ = {isa = PBXBuildFile; fileRef = B1E90F4E1C97422100F1B021 /* main.cpp */; };
		B1E90F591C97433700F1B021 /* BlackScholesFormulas.cpp in Sources */ = {isa = PBXBuildFile; fileRef = B1E90F551C97433700F1B021 /* BlackScholesFormulas.cpp */; };
		B1E90F5A1C97433700F1B021 /* Normals.cpp in Sources */ = {isa = PBXBuildFile; fileRef = B1E90F571C97433700F1B021 /* Normals.cpp */; };
		B1E90F611C9747B400F1B021 /* BSfunctions.cpp in Sources */ = {isa = PBXBuildFile; fileRef = B1E90F5F1C9747B400F1B021 /* BSfunctions.cpp */; };
/* End PBXBuildFile section */

/* Begin PBXCopyFilesBuildPhase section */
		B1E90F491C97422100F1B021 /* CopyFiles */ = {
			isa = PBXCopyFilesBuildPhase;
			buildActionMask = 2147483647;
			dstPath = /usr/share/man/man1/;
			dstSubfolderSpec = 0;
			files = (
			);
			runOnlyForDeploymentPostprocessing = 1;
		};
/* End PBXCopyFilesBuildPhase section */

/* Begin PBXFileReference section */
		B1E90F4B1C97422100F1B021 /* solvers */ = {isa = PBXFileReference; explicitFileType = "compiled.mach-o.executable"; includeInIndex = 0; path = solvers; sourceTree = BUILT_PRODUCTS_DIR; };
		B1E90F4E1C97422100F1B021 /* main.cpp */ = {isa = PBXFileReference; lastKnownFileType = sourcecode.cpp.cpp; path = main.cpp; sourceTree = "<group>"; };
		B1E90F551C97433700F1B021 /* BlackScholesFormulas.cpp */ = {isa = PBXFileReference; fileEncoding = 4; lastKnownFileType = sourcecode.cpp.cpp; name = BlackScholesFormulas.cpp; path = black_scholes_formulas/BlackScholesFormulas.cpp; sourceTree = "<group>"; };
		B1E90F561C97433700F1B021 /* BlackScholesFormulas.hpp */ = {isa = PBXFileReference; fileEncoding = 4; lastKnownFileType = sourcecode.cpp.h; name = BlackScholesFormulas.hpp; path = black_scholes_formulas/BlackScholesFormulas.hpp; sourceTree = "<group>"; };
		B1E90F571C97433700F1B021 /* Normals.cpp */ = {isa = PBXFileReference; fileEncoding = 4; lastKnownFileType = sourcecode.cpp.cpp; name = Normals.cpp; path = black_scholes_formulas/Normals.cpp; sourceTree = "<group>"; };
		B1E90F581C97433700F1B021 /* Normals.hpp */ = {isa = PBXFileReference; fileEncoding = 4; lastKnownFileType = sourcecode.cpp.h; name = Normals.hpp; path = black_scholes_formulas/Normals.hpp; sourceTree = "<group>"; };
		B1E90F5D1C97443600F1B021 /* Solvers.hpp */ = {isa = PBXFileReference; fileEncoding = 4; lastKnownFileType = sourcecode.cpp.h; path = Solvers.hpp; sourceTree = "<group>"; };
		B1E90F5F1C9747B400F1B021 /* BSfunctions.cpp */ = {isa = PBXFileReference; fileEncoding = 4; lastKnownFileType = sourcecode.cpp.cpp; path = BSfunctions.cpp; sourceTree = "<group>"; };
		B1E90F601C9747B400F1B021 /* BSfunctions.hpp */ = {isa = PBXFileReference; fileEncoding = 4; lastKnownFileType = sourcecode.cpp.h; path = BSfunctions.hpp; sourceTree = "<group>"; };
/* End PBXFileReference section */

/* Begin PBXFrameworksBuildPhase section */
		B1E90F481C97422100F1B021 /* Frameworks */ = {
			isa = PBXFrameworksBuildPhase;
			buildActionMask = 2147483647;
			files = (
			);
			runOnlyForDeploymentPostprocessing = 0;
		};
/* End PBXFrameworksBuildPhase section */

/* Begin PBXGroup section */
		B1E90F421C97422100F1B021 = {
			isa = PBXGroup;
			children = (
				B1E90F5B1C97433D00F1B021 /* bs_formulas */,
				B1E90F4D1C97422100F1B021 /* solvers */,
				B1E90F4C1C97422100F1B021 /* Products */,
			);
			sourceTree = "<group>";
		};
		B1E90F4C1C97422100F1B021 /* Products */ = {
			isa = PBXGroup;
			children = (
				B1E90F4B1C97422100F1B021 /* solvers */,
			);
			name = Products;
			sourceTree = "<group>";
		};
		B1E90F4D1C97422100F1B021 /* solvers */ = {
			isa = PBXGroup;
			children = (
				B1E90F4E1C97422100F1B021 /* main.cpp */,
				B1E90F5D1C97443600F1B021 /* Solvers.hpp */,
				B1E90F5F1C9747B400F1B021 /* BSfunctions.cpp */,
				B1E90F601C9747B400F1B021 /* BSfunctions.hpp */,
			);
			path = solvers;
			sourceTree = "<group>";
		};
		B1E90F5B1C97433D00F1B021 /* bs_formulas */ = {
			isa = PBXGroup;
			children = (
				B1E90F551C97433700F1B021 /* BlackScholesFormulas.cpp */,
				B1E90F561C97433700F1B021 /* BlackScholesFormulas.hpp */,
				B1E90F571C97433700F1B021 /* Normals.cpp */,
				B1E90F581C97433700F1B021 /* Normals.hpp */,
			);
			name = bs_formulas;
			sourceTree = "<group>";
		};
/* End PBXGroup section */

/* Begin PBXNativeTarget section */
		B1E90F4A1C97422100F1B021 /* solvers */ = {
			isa = PBXNativeTarget;
			buildConfigurationList = B1E90F521C97422100F1B021 /* Build configuration list for PBXNativeTarget "solvers" */;
			buildPhases = (
				B1E90F471C97422100F1B021 /* Sources */,
				B1E90F481C97422100F1B021 /* Frameworks */,
				B1E90F491C97422100F1B021 /* CopyFiles */,
			);
			buildRules = (
			);
			dependencies = (
			);
			name = solvers;
			productName = solvers;
			productReference = B1E90F4B1C97422100F1B021 /* solvers */;
			productType = "com.apple.product-type.tool";
		};
/* End PBXNativeTarget section */

/* Begin PBXProject section */
		B1E90F431C97422100F1B021 /* Project object */ = {
			isa = PBXProject;
			attributes = {
				LastUpgradeCheck = 0720;
				ORGANIZATIONNAME = "Hendrik Jennen";
				TargetAttributes = {
					B1E90F4A1C97422100F1B021 = {
						CreatedOnToolsVersion = 7.2.1;
					};
				};
			};
			buildConfigurationList = B1E90F461C97422100F1B021 /* Build configuration list for PBXProject "solvers" */;
			compatibilityVersion = "Xcode 3.2";
			developmentRegion = English;
			hasScannedForEncodings = 0;
			knownRegions = (
				en,
			);
			mainGroup = B1E90F421C97422100F1B021;
			productRefGroup = B1E90F4C1C97422100F1B021 /* Products */;
			projectDirPath = "";
			projectRoot = "";
			targets = (
				B1E90F4A1C97422100F1B021 /* solvers */,
			);
		};
/* End PBXProject section */

/* Begin PBXSourcesBuildPhase section */
		B1E90F471C97422100F1B021 /* Sources */ = {
			isa = PBXSourcesBuildPhase;
			buildActionMask = 2147483647;
			files = (
				B1E90F591C97433700F1B021 /* BlackScholesFormulas.cpp in Sources */,
				B1E90F5A1C97433700F1B021 /* Normals.cpp in Sources */,
				B1E90F611C9747B400F1B021 /* BSfunctions.cpp in Sources */,
				B1E90F4F1C97422100F1B021 /* main.cpp in Sources */,
			);
			runOnlyForDeploymentPostprocessing = 0;
		};
/* End PBXSourcesBuildPhase section */

/* Begin XCBuildConfiguration section */
		B1E90F501C97422100F1B021 /* Debug */ = {
			isa = XCBuildConfiguration;
			buildSettings = {
				ALWAYS_SEARCH_USER_PATHS = NO;
				CLANG_CXX_LANGUAGE_STANDARD = "gnu++0x";
				CLANG_CXX_LIBRARY = "libc++";
				CLANG_ENABLE_MODULES = YES;
				CLANG_ENABLE_OBJC_ARC = YES;
				CLANG_WARN_BOOL_CONVERSION = YES;
				CLANG_WARN_CONSTANT_CONVERSION = YES;
				CLANG_WARN_DIRECT_OBJC_ISA_USAGE = YES_ERROR;
				CLANG_WARN_EMPTY_BODY = YES;
				CLANG_WARN_ENUM_CONVERSION = YES;
				CLANG_WARN_INT_CONVERSION = YES;
				CLANG_WARN_OBJC_ROOT_CLASS = YES_ERROR;
				CLANG_WARN_UNREACHABLE_CODE = YES;
				CLANG_WARN__DUPLICATE_METHOD_MATCH = YES;
				CODE_SIGN_IDENTITY = "-";
				COPY_PHASE_STRIP = NO;
				DEBUG_INFORMATION_FORMAT = dwarf;
				ENABLE_STRICT_OBJC_MSGSEND = YES;
				ENABLE_TESTABILITY = YES;
				GCC_C_LANGUAGE_STANDARD = gnu99;
				GCC_DYNAMIC_NO_PIC = NO;
				GCC_NO_COMMON_BLOCKS = YES;
				GCC_OPTIMIZATION_LEVEL = 0;
				GCC_PREPROCESSOR_DEFINITIONS = (
					"DEBUG=1",
					"$(inherited)",
				);
				GCC_WARN_64_TO_32_BIT_CONVERSION = YES;
				GCC_WARN_ABOUT_RETURN_TYPE = YES_ERROR;
				GCC_WARN_UNDECLARED_SELECTOR = YES;
				GCC_WARN_UNINITIALIZED_AUTOS = YES_AGGRESSIVE;
				GCC_WARN_UNUSED_FUNCTION = YES;
				GCC_WARN_UNUSED_VARIABLE = YES;
				MACOSX_DEPLOYMENT_TARGET = 10.11;
				MTL_ENABLE_DEBUG_INFO = YES;
				ONLY_ACTIVE_ARCH = YES;
				SDKROOT = macosx;
			};
			name = Debug;
		};
		B1E90F511C97422100F1B021 /* Release */ = {
			isa = XCBuildConfiguration;
			buildSettings = {
				ALWAYS_SEARCH_USER_PATHS = NO;
				CLANG_CXX_LANGUAGE_STANDARD = "gnu++0x";
				CLANG_CXX_LIBRARY = "libc++";
				CLANG_ENABLE_MODULES = YES;
				CLANG_ENABLE_OBJC_ARC = YES;
				CLANG_WARN_BOOL_CONVERSION = YES;
				CLANG_WARN_CONSTANT_CONVERSION = YES;
				CLANG_WARN_DIRECT_OBJC_ISA_USAGE = YES_ERROR;
				CLANG_WARN_EMPTY_BODY = YES;
				CLANG_WARN_ENUM_CONVERSION = YES;
				CLANG_WARN_INT_CONVERSION = YES;
				CLANG_WARN_OBJC_ROOT_CLASS = YES_ERROR;
				CLANG_WARN_UNREACHABLE_CODE = YES;
				CLANG_WARN__DUPLICATE_METHOD_MATCH = YES;
				CODE_SIGN_IDENTITY = "-";
				COPY_PHASE_STRIP = NO;
				DEBUG_INFORMATION_FORMAT = "dwarf-with-dsym";
				ENABLE_NS_ASSERTIONS = NO;
				ENABLE_STRICT_OBJC_MSGSEND = YES;
				GCC_C_LANGUAGE_STANDARD = gnu99;
				GCC_NO_COMMON_BLOCKS = YES;
				GCC_WARN_64_TO_32_BIT_CONVERSION = YES;
				GCC_WARN_ABOUT_RETURN_TYPE = YES_ERROR;
				GCC_WARN_UNDECLARED_SELECTOR = YES;
				GCC_WARN_UNINITIALIZED_AUTOS = YES_AGGRESSIVE;
				GCC_WARN_UNUSED_FUNCTION = YES;
				GCC_WARN_UNUSED_VARIABLE = YES;
				MACOSX_DEPLOYMENT_TARGET = 10.11;
				MTL_ENABLE_DEBUG_INFO = NO;
				SDKROOT = macosx;
			};
			name = Release;
		};
		B1E90F531C97422100F1B021 /* Debug */ = {
			isa = XCBuildConfiguration;
			buildSettings = {
				PRODUCT_NAME = "$(TARGET_NAME)";
			};
			name = Debug;
		};
		B1E90F541C97422100F1B021 /* Release */ = {
			isa = XCBuildConfiguration;
			buildSettings = {
				PRODUCT_NAME = "$(TARGET_NAME)";
			};
			name = Release;
		};
/* End XCBuildConfiguration section */

/* Begin XCConfigurationList section */
		B1E90F461C97422100F1B021 /* Build configuration list for PBXProject "solvers" */ = {
			isa = XCConfigurationList;
			buildConfigurations = (
				B1E90F501C97422100F1B021 /* Debug */,
				B1E90F511C97422100F1B021 /* Release */,
			);
			defaultConfigurationIsVisible = 0;
			defaultConfigurationName = Release;
		};
		B1E90F521C97422100F1B021 /* Build configuration list for PBXNativeTarget "solvers" */ = {
			isa = XCConfigurationList;
			buildConfigurations = (
				B1E90F531C97422100F1B021 /* Debug */,
				B1E90F541C97422100F1B021 /* Release */,
			);
			defaultConfigurationIsVisible = 0;
		};
/* End XCConfigurationList section */
	};
	rootObject = B1E90F431C97422100F1B021 /* Project object */;
}
