// !$*UTF8*$!
{
	archiveVersion = 1;
	classes = {
	};
	objectVersion = 46;
	objects = {

/* Begin PBXBuildFile section */
		B1D97B9F1C92DA030016AD98 /* main.cpp in Sources */ = {isa = PBXBuildFile; fileRef = B1D97B9E1C92DA030016AD98 /* main.cpp */; };
		B1D97BA71C92E3070016AD98 /* BinomialTree.cpp in Sources */ = {isa = PBXBuildFile; fileRef = B1D97BA51C92E3070016AD98 /* BinomialTree.cpp */; };
		B1D97BAA1C92E38E0016AD98 /* TreeProduct.cpp in Sources */ = {isa = PBXBuildFile; fileRef = B1D97BA81C92E38E0016AD98 /* TreeProduct.cpp */; };
		B1D97BB31C92E6D20016AD98 /* payoff.cpp in Sources */ = {isa = PBXBuildFile; fileRef = B1D97BAF1C92E6D20016AD98 /* payoff.cpp */; };
		B1D97BB41C92E6D20016AD98 /* PayoffPower.cpp in Sources */ = {isa = PBXBuildFile; fileRef = B1D97BB11C92E6D20016AD98 /* PayoffPower.cpp */; };
		B1D97BBB1C92E7840016AD98 /* Parameter.cpp in Sources */ = {isa = PBXBuildFile; fileRef = B1D97BB71C92E7840016AD98 /* Parameter.cpp */; };
		B1D97BBC1C92E7840016AD98 /* SimpleParameter.cpp in Sources */ = {isa = PBXBuildFile; fileRef = B1D97BB91C92E7840016AD98 /* SimpleParameter.cpp */; };
/* End PBXBuildFile section */

/* Begin PBXCopyFilesBuildPhase section */
		B1D97B991C92DA030016AD98 /* CopyFiles */ = {
			isa = PBXCopyFilesBuildPhase;
			buildActionMask = 2147483647;
			dstPath = /usr/share/man/man1/;
			dstSubfolderSpec = 0;
			files = (
			);
			runOnlyForDeploymentPostprocessing = 1;
		};
/* End PBXCopyFilesBuildPhase section */

/* Begin PBXFileReference section */
		B1D97B9B1C92DA030016AD98 /* TreePricing */ = {isa = PBXFileReference; explicitFileType = "compiled.mach-o.executable"; includeInIndex = 0; path = TreePricing; sourceTree = BUILT_PRODUCTS_DIR; };
		B1D97B9E1C92DA030016AD98 /* main.cpp */ = {isa = PBXFileReference; lastKnownFileType = sourcecode.cpp.cpp; path = main.cpp; sourceTree = "<group>"; };
		B1D97BA51C92E3070016AD98 /* BinomialTree.cpp */ = {isa = PBXFileReference; fileEncoding = 4; lastKnownFileType = sourcecode.cpp.cpp; path = BinomialTree.cpp; sourceTree = "<group>"; };
		B1D97BA61C92E3070016AD98 /* BinomialTree.hpp */ = {isa = PBXFileReference; fileEncoding = 4; lastKnownFileType = sourcecode.cpp.h; path = BinomialTree.hpp; sourceTree = "<group>"; };
		B1D97BA81C92E38E0016AD98 /* TreeProduct.cpp */ = {isa = PBXFileReference; fileEncoding = 4; lastKnownFileType = sourcecode.cpp.cpp; path = TreeProduct.cpp; sourceTree = "<group>"; };
		B1D97BA91C92E38E0016AD98 /* TreeProduct.hpp */ = {isa = PBXFileReference; fileEncoding = 4; lastKnownFileType = sourcecode.cpp.h; path = TreeProduct.hpp; sourceTree = "<group>"; };
		B1D97BAB1C92E6960016AD98 /* Handle.hpp */ = {isa = PBXFileReference; fileEncoding = 4; lastKnownFileType = sourcecode.cpp.h; path = Handle.hpp; sourceTree = "<group>"; };
		B1D97BAF1C92E6D20016AD98 /* payoff.cpp */ = {isa = PBXFileReference; fileEncoding = 4; lastKnownFileType = sourcecode.cpp.cpp; name = payoff.cpp; path = payoff/payoff.cpp; sourceTree = "<group>"; };
		B1D97BB01C92E6D20016AD98 /* payoff.hpp */ = {isa = PBXFileReference; fileEncoding = 4; lastKnownFileType = sourcecode.cpp.h; name = payoff.hpp; path = payoff/payoff.hpp; sourceTree = "<group>"; };
		B1D97BB11C92E6D20016AD98 /* PayoffPower.cpp */ = {isa = PBXFileReference; fileEncoding = 4; lastKnownFileType = sourcecode.cpp.cpp; name = PayoffPower.cpp; path = payoff/PayoffPower.cpp; sourceTree = "<group>"; };
		B1D97BB21C92E6D20016AD98 /* PayoffPower.hpp */ = {isa = PBXFileReference; fileEncoding = 4; lastKnownFileType = sourcecode.cpp.h; name = PayoffPower.hpp; path = payoff/PayoffPower.hpp; sourceTree = "<group>"; };
		B1D97BB71C92E7840016AD98 /* Parameter.cpp */ = {isa = PBXFileReference; fileEncoding = 4; lastKnownFileType = sourcecode.cpp.cpp; path = Parameter.cpp; sourceTree = "<group>"; };
		B1D97BB81C92E7840016AD98 /* Parameter.hpp */ = {isa = PBXFileReference; fileEncoding = 4; lastKnownFileType = sourcecode.cpp.h; path = Parameter.hpp; sourceTree = "<group>"; };
		B1D97BB91C92E7840016AD98 /* SimpleParameter.cpp */ = {isa = PBXFileReference; fileEncoding = 4; lastKnownFileType = sourcecode.cpp.cpp; path = SimpleParameter.cpp; sourceTree = "<group>"; };
		B1D97BBA1C92E7840016AD98 /* SimpleParameter.hpp */ = {isa = PBXFileReference; fileEncoding = 4; lastKnownFileType = sourcecode.cpp.h; path = SimpleParameter.hpp; sourceTree = "<group>"; };
/* End PBXFileReference section */

/* Begin PBXFrameworksBuildPhase section */
		B1D97B981C92DA030016AD98 /* Frameworks */ = {
			isa = PBXFrameworksBuildPhase;
			buildActionMask = 2147483647;
			files = (
			);
			runOnlyForDeploymentPostprocessing = 0;
		};
/* End PBXFrameworksBuildPhase section */

/* Begin PBXGroup section */
		B1D97B921C92DA030016AD98 = {
			isa = PBXGroup;
			children = (
				B1D97BB61C92E7840016AD98 /* parameters */,
				B1D97BB51C92E6D90016AD98 /* payoff */,
				B1D97B9D1C92DA030016AD98 /* TreePricing */,
				B1D97B9C1C92DA030016AD98 /* Products */,
			);
			sourceTree = "<group>";
		};
		B1D97B9C1C92DA030016AD98 /* Products */ = {
			isa = PBXGroup;
			children = (
				B1D97B9B1C92DA030016AD98 /* TreePricing */,
			);
			name = Products;
			sourceTree = "<group>";
		};
		B1D97B9D1C92DA030016AD98 /* TreePricing */ = {
			isa = PBXGroup;
			children = (
				B1D97B9E1C92DA030016AD98 /* main.cpp */,
				B1D97BAB1C92E6960016AD98 /* Handle.hpp */,
				B1D97BA51C92E3070016AD98 /* BinomialTree.cpp */,
				B1D97BA61C92E3070016AD98 /* BinomialTree.hpp */,
				B1D97BA81C92E38E0016AD98 /* TreeProduct.cpp */,
				B1D97BA91C92E38E0016AD98 /* TreeProduct.hpp */,
			);
			path = TreePricing;
			sourceTree = "<group>";
		};
		B1D97BB51C92E6D90016AD98 /* payoff */ = {
			isa = PBXGroup;
			children = (
				B1D97BAF1C92E6D20016AD98 /* payoff.cpp */,
				B1D97BB01C92E6D20016AD98 /* payoff.hpp */,
				B1D97BB11C92E6D20016AD98 /* PayoffPower.cpp */,
				B1D97BB21C92E6D20016AD98 /* PayoffPower.hpp */,
			);
			name = payoff;
			sourceTree = "<group>";
		};
		B1D97BB61C92E7840016AD98 /* parameters */ = {
			isa = PBXGroup;
			children = (
				B1D97BB71C92E7840016AD98 /* Parameter.cpp */,
				B1D97BB81C92E7840016AD98 /* Parameter.hpp */,
				B1D97BB91C92E7840016AD98 /* SimpleParameter.cpp */,
				B1D97BBA1C92E7840016AD98 /* SimpleParameter.hpp */,
			);
			path = parameters;
			sourceTree = "<group>";
		};
/* End PBXGroup section */

/* Begin PBXNativeTarget section */
		B1D97B9A1C92DA030016AD98 /* TreePricing */ = {
			isa = PBXNativeTarget;
			buildConfigurationList = B1D97BA21C92DA030016AD98 /* Build configuration list for PBXNativeTarget "TreePricing" */;
			buildPhases = (
				B1D97B971C92DA030016AD98 /* Sources */,
				B1D97B981C92DA030016AD98 /* Frameworks */,
				B1D97B991C92DA030016AD98 /* CopyFiles */,
			);
			buildRules = (
			);
			dependencies = (
			);
			name = TreePricing;
			productName = TreePricing;
			productReference = B1D97B9B1C92DA030016AD98 /* TreePricing */;
			productType = "com.apple.product-type.tool";
		};
/* End PBXNativeTarget section */

/* Begin PBXProject section */
		B1D97B931C92DA030016AD98 /* Project object */ = {
			isa = PBXProject;
			attributes = {
				LastUpgradeCheck = 0720;
				ORGANIZATIONNAME = "Hendrik Jennen";
				TargetAttributes = {
					B1D97B9A1C92DA030016AD98 = {
						CreatedOnToolsVersion = 7.2.1;
					};
				};
			};
			buildConfigurationList = B1D97B961C92DA030016AD98 /* Build configuration list for PBXProject "TreePricing" */;
			compatibilityVersion = "Xcode 3.2";
			developmentRegion = English;
			hasScannedForEncodings = 0;
			knownRegions = (
				en,
			);
			mainGroup = B1D97B921C92DA030016AD98;
			productRefGroup = B1D97B9C1C92DA030016AD98 /* Products */;
			projectDirPath = "";
			projectRoot = "";
			targets = (
				B1D97B9A1C92DA030016AD98 /* TreePricing */,
			);
		};
/* End PBXProject section */

/* Begin PBXSourcesBuildPhase section */
		B1D97B971C92DA030016AD98 /* Sources */ = {
			isa = PBXSourcesBuildPhase;
			buildActionMask = 2147483647;
			files = (
				B1D97BBC1C92E7840016AD98 /* SimpleParameter.cpp in Sources */,
				B1D97BB41C92E6D20016AD98 /* PayoffPower.cpp in Sources */,
				B1D97BBB1C92E7840016AD98 /* Parameter.cpp in Sources */,
				B1D97BB31C92E6D20016AD98 /* payoff.cpp in Sources */,
				B1D97BAA1C92E38E0016AD98 /* TreeProduct.cpp in Sources */,
				B1D97BA71C92E3070016AD98 /* BinomialTree.cpp in Sources */,
				B1D97B9F1C92DA030016AD98 /* main.cpp in Sources */,
			);
			runOnlyForDeploymentPostprocessing = 0;
		};
/* End PBXSourcesBuildPhase section */

/* Begin XCBuildConfiguration section */
		B1D97BA01C92DA030016AD98 /* Debug */ = {
			isa = XCBuildConfiguration;
			buildSettings = {
				ALWAYS_SEARCH_USER_PATHS = NO;
				CLANG_CXX_LANGUAGE_STANDARD = "gnu++0x";
				CLANG_CXX_LIBRARY = "libc++";
				CLANG_ENABLE_MODULES = YES;
				CLANG_ENABLE_OBJC_ARC = YES;
				CLANG_WARN_BOOL_CONVERSION = YES;
				CLANG_WARN_CONSTANT_CONVERSION = YES;
				CLANG_WARN_DIRECT_OBJC_ISA_USAGE = YES_ERROR;
				CLANG_WARN_EMPTY_BODY = YES;
				CLANG_WARN_ENUM_CONVERSION = YES;
				CLANG_WARN_INT_CONVERSION = YES;
				CLANG_WARN_OBJC_ROOT_CLASS = YES_ERROR;
				CLANG_WARN_UNREACHABLE_CODE = YES;
				CLANG_WARN__DUPLICATE_METHOD_MATCH = YES;
				CODE_SIGN_IDENTITY = "-";
				COPY_PHASE_STRIP = NO;
				DEBUG_INFORMATION_FORMAT = dwarf;
				ENABLE_STRICT_OBJC_MSGSEND = YES;
				ENABLE_TESTABILITY = YES;
				GCC_C_LANGUAGE_STANDARD = gnu99;
				GCC_DYNAMIC_NO_PIC = NO;
				GCC_NO_COMMON_BLOCKS = YES;
				GCC_OPTIMIZATION_LEVEL = 0;
				GCC_PREPROCESSOR_DEFINITIONS = (
					"DEBUG=1",
					"$(inherited)",
				);
				GCC_WARN_64_TO_32_BIT_CONVERSION = YES;
				GCC_WARN_ABOUT_RETURN_TYPE = YES_ERROR;
				GCC_WARN_UNDECLARED_SELECTOR = YES;
				GCC_WARN_UNINITIALIZED_AUTOS = YES_AGGRESSIVE;
				GCC_WARN_UNUSED_FUNCTION = YES;
				GCC_WARN_UNUSED_VARIABLE = YES;
				MACOSX_DEPLOYMENT_TARGET = 10.11;
				MTL_ENABLE_DEBUG_INFO = YES;
				ONLY_ACTIVE_ARCH = YES;
				SDKROOT = macosx;
			};
			name = Debug;
		};
		B1D97BA11C92DA030016AD98 /* Release */ = {
			isa = XCBuildConfiguration;
			buildSettings = {
				ALWAYS_SEARCH_USER_PATHS = NO;
				CLANG_CXX_LANGUAGE_STANDARD = "gnu++0x";
				CLANG_CXX_LIBRARY = "libc++";
				CLANG_ENABLE_MODULES = YES;
				CLANG_ENABLE_OBJC_ARC = YES;
				CLANG_WARN_BOOL_CONVERSION = YES;
				CLANG_WARN_CONSTANT_CONVERSION = YES;
				CLANG_WARN_DIRECT_OBJC_ISA_USAGE = YES_ERROR;
				CLANG_WARN_EMPTY_BODY = YES;
				CLANG_WARN_ENUM_CONVERSION = YES;
				CLANG_WARN_INT_CONVERSION = YES;
				CLANG_WARN_OBJC_ROOT_CLASS = YES_ERROR;
				CLANG_WARN_UNREACHABLE_CODE = YES;
				CLANG_WARN__DUPLICATE_METHOD_MATCH = YES;
				CODE_SIGN_IDENTITY = "-";
				COPY_PHASE_STRIP = NO;
				DEBUG_INFORMATION_FORMAT = "dwarf-with-dsym";
				ENABLE_NS_ASSERTIONS = NO;
				ENABLE_STRICT_OBJC_MSGSEND = YES;
				GCC_C_LANGUAGE_STANDARD = gnu99;
				GCC_NO_COMMON_BLOCKS = YES;
				GCC_WARN_64_TO_32_BIT_CONVERSION = YES;
				GCC_WARN_ABOUT_RETURN_TYPE = YES_ERROR;
				GCC_WARN_UNDECLARED_SELECTOR = YES;
				GCC_WARN_UNINITIALIZED_AUTOS = YES_AGGRESSIVE;
				GCC_WARN_UNUSED_FUNCTION = YES;
				GCC_WARN_UNUSED_VARIABLE = YES;
				MACOSX_DEPLOYMENT_TARGET = 10.11;
				MTL_ENABLE_DEBUG_INFO = NO;
				SDKROOT = macosx;
			};
			name = Release;
		};
		B1D97BA31C92DA030016AD98 /* Debug */ = {
			isa = XCBuildConfiguration;
			buildSettings = {
				PRODUCT_NAME = "$(TARGET_NAME)";
			};
			name = Debug;
		};
		B1D97BA41C92DA030016AD98 /* Release */ = {
			isa = XCBuildConfiguration;
			buildSettings = {
				PRODUCT_NAME = "$(TARGET_NAME)";
			};
			name = Release;
		};
/* End XCBuildConfiguration section */

/* Begin XCConfigurationList section */
		B1D97B961C92DA030016AD98 /* Build configuration list for PBXProject "TreePricing" */ = {
			isa = XCConfigurationList;
			buildConfigurations = (
				B1D97BA01C92DA030016AD98 /* Debug */,
				B1D97BA11C92DA030016AD98 /* Release */,
			);
			defaultConfigurationIsVisible = 0;
			defaultConfigurationName = Release;
		};
		B1D97BA21C92DA030016AD98 /* Build configuration list for PBXNativeTarget "TreePricing" */ = {
			isa = XCConfigurationList;
			buildConfigurations = (
				B1D97BA31C92DA030016AD98 /* Debug */,
				B1D97BA41C92DA030016AD98 /* Release */,
			);
			defaultConfigurationIsVisible = 0;
		};
/* End XCConfigurationList section */
	};
	rootObject = B1D97B931C92DA030016AD98 /* Project object */;
}
